
Microsoft Visual Studio Solution File, Format Version 12.00
# Visual Studio 15
VisualStudioVersion = 15.0.27703.2035
MinimumVisualStudioVersion = 10.0.40219.1
Project("{FAE04EC0-301F-11D3-BF4B-00C04F79EFBC}") = "MirysList", "MirysList\MirysList.csproj", "{88CE337B-32A5-40CE-9F84-7A51B92431F5}"
EndProject
Global
	GlobalSection(SolutionConfigurationPlatforms) = preSolution
		Debug|Any CPU = Debug|Any CPU
		Release|Any CPU = Release|Any CPU
	EndGlobalSection
	GlobalSection(ProjectConfigurationPlatforms) = postSolution
		{88CE337B-32A5-40CE-9F84-7A51B92431F5}.Debug|Any CPU.ActiveCfg = Debug|Any CPU
		{88CE337B-32A5-40CE-9F84-7A51B92431F5}.Debug|Any CPU.Build.0 = Debug|Any CPU
		{88CE337B-32A5-40CE-9F84-7A51B92431F5}.Release|Any CPU.ActiveCfg = Release|Any CPU
		{88CE337B-32A5-40CE-9F84-7A51B92431F5}.Release|Any CPU.Build.0 = Release|Any CPU
	EndGlobalSection
	GlobalSection(SolutionProperties) = preSolution
		HideSolutionNode = FALSE
	EndGlobalSection
	GlobalSection(ExtensibilityGlobals) = postSolution
		SolutionGuid = {67D19FA3-D5ED-4A8A-9066-8045D3480590}
	EndGlobalSection
EndGlobal
